PODS:
  - Masonry (0.6.4)
  - SHButton (0.1.9)
  - SHGuideView (0.1.1):
    - Masonry (~> 0.6.4)
    - SHButton (~> 0.1.9)

DEPENDENCIES:
  - SHGuideView (from `../`)

EXTERNAL SOURCES:
  SHGuideView:
    :path: "../"

SPEC CHECKSUMS:
  Masonry: 281802d04d787ea2973179ee8bcb50500579ede2
  SHButton: 7f73c7a633fa427fb847aa0427719f102a8dc558
  SHGuideView: 12814ce3cedf1414311e30fec466cd23e2e8463f

PODFILE CHECKSUM: 1305ba48e5503b1ffdd5d0e553394af279f4a0ca

COCOAPODS: 1.0.1
